
Microsoft Visual Studio Solution File, Format Version 12.00
# Visual Studio Version 17
VisualStudioVersion = 17.0.31808.319
MinimumVisualStudioVersion = 10.0.40219.1
Project("{FAE04EC0-301F-11D3-BF4B-00C04F79EFBC}") = "VianMiddleware", "VianMiddleware\VianMiddleware.csproj", "{F8033B3F-751F-4F44-8A1C-32C562C39256}"
EndProject
Project("{FAE04EC0-301F-11D3-BF4B-00C04F79EFBC}") = "VianMiddlewareTest", "VianMiddlewareTest\VianMiddlewareTest.csproj", "{C49FCE27-1254-4FBF-8A23-068358812F45}"
EndProject
Global
	GlobalSection(SolutionConfigurationPlatforms) = preSolution
		Debug|Any CPU = Debug|Any CPU
		Release|Any CPU = Release|Any CPU
	EndGlobalSection
	GlobalSection(ProjectConfigurationPlatforms) = postSolution
		{F8033B3F-751F-4F44-8A1C-32C562C39256}.Debug|Any CPU.ActiveCfg = Debug|Any CPU
		{F8033B3F-751F-4F44-8A1C-32C562C39256}.Debug|Any CPU.Build.0 = Debug|Any CPU
		{F8033B3F-751F-4F44-8A1C-32C562C39256}.Release|Any CPU.ActiveCfg = Release|Any CPU
		{F8033B3F-751F-4F44-8A1C-32C562C39256}.Release|Any CPU.Build.0 = Release|Any CPU
		{C49FCE27-1254-4FBF-8A23-068358812F45}.Debug|Any CPU.ActiveCfg = Debug|Any CPU
		{C49FCE27-1254-4FBF-8A23-068358812F45}.Debug|Any CPU.Build.0 = Debug|Any CPU
		{C49FCE27-1254-4FBF-8A23-068358812F45}.Release|Any CPU.ActiveCfg = Release|Any CPU
		{C49FCE27-1254-4FBF-8A23-068358812F45}.Release|Any CPU.Build.0 = Release|Any CPU
	EndGlobalSection
	GlobalSection(SolutionProperties) = preSolution
		HideSolutionNode = FALSE
	EndGlobalSection
	GlobalSection(ExtensibilityGlobals) = postSolution
		SolutionGuid = {C1E1CA45-ECCA-49F9-ADCF-D7A8CBCEEDA7}
	EndGlobalSection
EndGlobal
